
Microsoft Visual Studio Solution File, Format Version 12.00
# Visual Studio Version 17
VisualStudioVersion = 17.13.35806.99 d17.13
MinimumVisualStudioVersion = 10.0.40219.1
Project("{FAE04EC0-301F-11D3-BF4B-00C04F79EFBC}") = "Assignment3", "Assignment3\Assignment3.csproj", "{904CA03F-D6BC-48C5-873C-CD8E9D9DC653}"
EndProject
Global
	GlobalSection(SolutionConfigurationPlatforms) = preSolution
		Debug|Any CPU = Debug|Any CPU
		Release|Any CPU = Release|Any CPU
	EndGlobalSection
	GlobalSection(ProjectConfigurationPlatforms) = postSolution
		{904CA03F-D6BC-48C5-873C-CD8E9D9DC653}.Debug|Any CPU.ActiveCfg = Debug|Any CPU
		{904CA03F-D6BC-48C5-873C-CD8E9D9DC653}.Debug|Any CPU.Build.0 = Debug|Any CPU
		{904CA03F-D6BC-48C5-873C-CD8E9D9DC653}.Release|Any CPU.ActiveCfg = Release|Any CPU
		{904CA03F-D6BC-48C5-873C-CD8E9D9DC653}.Release|Any CPU.Build.0 = Release|Any CPU
	EndGlobalSection
	GlobalSection(SolutionProperties) = preSolution
		HideSolutionNode = FALSE
	EndGlobalSection
	GlobalSection(ExtensibilityGlobals) = postSolution
		SolutionGuid = {76C6AF76-F1CF-4B00-94DD-32C02A389E82}
	EndGlobalSection
EndGlobal
