
Microsoft Visual Studio Solution File, Format Version 12.00
# Visual Studio Version 17
VisualStudioVersion = 17.13.35806.99
MinimumVisualStudioVersion = 10.0.40219.1
Project("{FAE04EC0-301F-11D3-BF4B-00C04F79EFBC}") = "Orders", "Orders\Orders.csproj", "{F79AF960-87CC-4371-9EE7-439326EF75AB}"
EndProject
Project("{FAE04EC0-301F-11D3-BF4B-00C04F79EFBC}") = "OrdersTests", "OrdersTests\OrdersTests.csproj", "{0A21A030-776A-424F-B5BE-854AB2F9B90F}"
EndProject
Global
	GlobalSection(SolutionConfigurationPlatforms) = preSolution
		Debug|Any CPU = Debug|Any CPU
		Release|Any CPU = Release|Any CPU
	EndGlobalSection
	GlobalSection(ProjectConfigurationPlatforms) = postSolution
		{F79AF960-87CC-4371-9EE7-439326EF75AB}.Debug|Any CPU.ActiveCfg = Debug|Any CPU
		{F79AF960-87CC-4371-9EE7-439326EF75AB}.Debug|Any CPU.Build.0 = Debug|Any CPU
		{F79AF960-87CC-4371-9EE7-439326EF75AB}.Release|Any CPU.ActiveCfg = Release|Any CPU
		{F79AF960-87CC-4371-9EE7-439326EF75AB}.Release|Any CPU.Build.0 = Release|Any CPU
		{0A21A030-776A-424F-B5BE-854AB2F9B90F}.Debug|Any CPU.ActiveCfg = Debug|Any CPU
		{0A21A030-776A-424F-B5BE-854AB2F9B90F}.Debug|Any CPU.Build.0 = Debug|Any CPU
		{0A21A030-776A-424F-B5BE-854AB2F9B90F}.Release|Any CPU.ActiveCfg = Release|Any CPU
		{0A21A030-776A-424F-B5BE-854AB2F9B90F}.Release|Any CPU.Build.0 = Release|Any CPU
	EndGlobalSection
	GlobalSection(SolutionProperties) = preSolution
		HideSolutionNode = FALSE
	EndGlobalSection
	GlobalSection(ExtensibilityGlobals) = postSolution
		SolutionGuid = {3A67DD41-8AEE-4015-8A8A-824CAAF51D44}
	EndGlobalSection
EndGlobal
